
Microsoft Visual Studio Solution File, Format Version 12.00
# Visual Studio Version 17
VisualStudioVersion = 17.10.34814.14
MinimumVisualStudioVersion = 10.0.40219.1
Project("{2150E333-8FDC-42A3-9474-1A3956D46DE8}") = "src", "src", "{584D33EA-B0AB-4F70-9A84-2F2AACD3E2F8}"
EndProject
Project("{9A19103F-16F7-4668-BE54-9A1E7A4F7556}") = "ScannerDrivers.TWAIN", "src\ScannerDrivers.TWAIN\ScannerDrivers.TWAIN.csproj", "{310F11FC-D5D6-4906-9169-F0B436BC6DA9}"
EndProject
Project("{9A19103F-16F7-4668-BE54-9A1E7A4F7556}") = "ScannerDrivers.CaptureExample", "src\ScannerDrivers.CaptureExample\ScannerDrivers.CaptureExample.csproj", "{3F3A93C7-AFDD-4A3E-B545-A7D984A691CE}"
EndProject
Global
	GlobalSection(SolutionConfigurationPlatforms) = preSolution
		Debug|Any CPU = Debug|Any CPU
		Release|Any CPU = Release|Any CPU
	EndGlobalSection
	GlobalSection(ProjectConfigurationPlatforms) = postSolution
		{310F11FC-D5D6-4906-9169-F0B436BC6DA9}.Debug|Any CPU.ActiveCfg = Debug|Any CPU
		{310F11FC-D5D6-4906-9169-F0B436BC6DA9}.Debug|Any CPU.Build.0 = Debug|Any CPU
		{310F11FC-D5D6-4906-9169-F0B436BC6DA9}.Release|Any CPU.ActiveCfg = Release|Any CPU
		{310F11FC-D5D6-4906-9169-F0B436BC6DA9}.Release|Any CPU.Build.0 = Release|Any CPU
		{3F3A93C7-AFDD-4A3E-B545-A7D984A691CE}.Debug|Any CPU.ActiveCfg = Debug|Any CPU
		{3F3A93C7-AFDD-4A3E-B545-A7D984A691CE}.Debug|Any CPU.Build.0 = Debug|Any CPU
		{3F3A93C7-AFDD-4A3E-B545-A7D984A691CE}.Release|Any CPU.ActiveCfg = Release|Any CPU
		{3F3A93C7-AFDD-4A3E-B545-A7D984A691CE}.Release|Any CPU.Build.0 = Release|Any CPU
	EndGlobalSection
	GlobalSection(SolutionProperties) = preSolution
		HideSolutionNode = FALSE
	EndGlobalSection
	GlobalSection(NestedProjects) = preSolution
		{310F11FC-D5D6-4906-9169-F0B436BC6DA9} = {584D33EA-B0AB-4F70-9A84-2F2AACD3E2F8}
		{3F3A93C7-AFDD-4A3E-B545-A7D984A691CE} = {584D33EA-B0AB-4F70-9A84-2F2AACD3E2F8}
	EndGlobalSection
	GlobalSection(ExtensibilityGlobals) = postSolution
		SolutionGuid = {1B2DFDB0-0B51-49B4-AB67-2FADC7EF7E7C}
	EndGlobalSection
EndGlobal
